
Microsoft Visual Studio Solution File, Format Version 11.00
# Visual Studio 2010
Project("{FAE04EC0-301F-11D3-BF4B-00C04F79EFBC}") = "Assembly-CSharp", "Assembly-CSharp.csproj", "{f5a030e2-cf77-0491-09c5-e41c363864c3}"
EndProject
Project("{FAE04EC0-301F-11D3-BF4B-00C04F79EFBC}") = "NavMeshComponents", "NavMeshComponents.csproj", "{239a3afa-91f8-13cd-0694-33ec2fc85f0b}"
EndProject
Project("{FAE04EC0-301F-11D3-BF4B-00C04F79EFBC}") = "NavMeshComponentsEditor", "NavMeshComponentsEditor.csproj", "{988b7363-d633-aa03-fc56-69e37094e4df}"
EndProject
Project("{FAE04EC0-301F-11D3-BF4B-00C04F79EFBC}") = "Unity.Recorder.Samples.Editor", "Unity.Recorder.Samples.Editor.csproj", "{9d394f2a-9516-82ed-859b-04dd9fc708aa}"
EndProject
Global
	GlobalSection(SolutionConfigurationPlatforms) = preSolution
		Debug|Any CPU = Debug|Any CPU
	EndGlobalSection
	GlobalSection(ProjectConfigurationPlatforms) = postSolution
		{f5a030e2-cf77-0491-09c5-e41c363864c3}.Debug|Any CPU.ActiveCfg = Debug|Any CPU
		{f5a030e2-cf77-0491-09c5-e41c363864c3}.Debug|Any CPU.Build.0 = Debug|Any CPU
		{239a3afa-91f8-13cd-0694-33ec2fc85f0b}.Debug|Any CPU.ActiveCfg = Debug|Any CPU
		{239a3afa-91f8-13cd-0694-33ec2fc85f0b}.Debug|Any CPU.Build.0 = Debug|Any CPU
		{988b7363-d633-aa03-fc56-69e37094e4df}.Debug|Any CPU.ActiveCfg = Debug|Any CPU
		{988b7363-d633-aa03-fc56-69e37094e4df}.Debug|Any CPU.Build.0 = Debug|Any CPU
		{9d394f2a-9516-82ed-859b-04dd9fc708aa}.Debug|Any CPU.ActiveCfg = Debug|Any CPU
		{9d394f2a-9516-82ed-859b-04dd9fc708aa}.Debug|Any CPU.Build.0 = Debug|Any CPU
	EndGlobalSection
	GlobalSection(SolutionProperties) = preSolution
		HideSolutionNode = FALSE
	EndGlobalSection
EndGlobal
